// !$*UTF8*$!
{
	archiveVersion = 1;
	classes = {
	};
	objectVersion = 46;
	objects = {

/* Begin PBXBuildFile section */
		45C66E545B9040F592AD50AC /* libPods.a in Frameworks */ = {isa = PBXBuildFile; fileRef = CBFB221824DF4DA888384C44 /* libPods.a */; };
		7C6465C017A9DE3C00A4E2A3 /* UIKit.framework in Frameworks */ = {isa = PBXBuildFile; fileRef = 7C6465BF17A9DE3C00A4E2A3 /* UIKit.framework */; };
		7C6465C217A9DE3C00A4E2A3 /* Foundation.framework in Frameworks */ = {isa = PBXBuildFile; fileRef = 7C6465C117A9DE3C00A4E2A3 /* Foundation.framework */; };
		7C6465C417A9DE3C00A4E2A3 /* CoreGraphics.framework in Frameworks */ = {isa = PBXBuildFile; fileRef = 7C6465C317A9DE3C00A4E2A3 /* CoreGraphics.framework */; };
		7C6465CA17A9DE3C00A4E2A3 /* InfoPlist.strings in Resources */ = {isa = PBXBuildFile; fileRef = 7C6465C817A9DE3C00A4E2A3 /* InfoPlist.strings */; };
		7C6465CC17A9DE3C00A4E2A3 /* main.m in Sources */ = {isa = PBXBuildFile; fileRef = 7C6465CB17A9DE3C00A4E2A3 /* main.m */; };
		7C6465D017A9DE3C00A4E2A3 /* JHAppDelegate.m in Sources */ = {isa = PBXBuildFile; fileRef = 7C6465CF17A9DE3C00A4E2A3 /* JHAppDelegate.m */; };
		7C6465D217A9DE3C00A4E2A3 /* Default.png in Resources */ = {isa = PBXBuildFile; fileRef = 7C6465D117A9DE3C00A4E2A3 /* Default.png */; };
		7C6465D417A9DE3C00A4E2A3 /* Default@2x.png in Resources */ = {isa = PBXBuildFile; fileRef = 7C6465D317A9DE3C00A4E2A3 /* Default@2x.png */; };
		7C6465D617A9DE3C00A4E2A3 /* Default-568h@2x.png in Resources */ = {isa = PBXBuildFile; fileRef = 7C6465D517A9DE3C00A4E2A3 /* Default-568h@2x.png */; };
		7C6465E517A9DE5C00A4E2A3 /* JHClientViewController.m in Sources */ = {isa = PBXBuildFile; fileRef = 7C6465E317A9DE5C00A4E2A3 /* JHClientViewController.m */; };
		7C6465E617A9DE5C00A4E2A3 /* JHClientViewController.xib in Resources */ = {isa = PBXBuildFile; fileRef = 7C6465E417A9DE5C00A4E2A3 /* JHClientViewController.xib */; };
		7C6465EB17A9DEEB00A4E2A3 /* GeneralUI.m in Sources */ = {isa = PBXBuildFile; fileRef = 7C6465EA17A9DEEB00A4E2A3 /* GeneralUI.m */; };
		7C6465EE17A9DF3000A4E2A3 /* JHYoutubeSongCell.m in Sources */ = {isa = PBXBuildFile; fileRef = 7C6465ED17A9DF3000A4E2A3 /* JHYoutubeSongCell.m */; };
		7C6465F417A9DFA000A4E2A3 /* JHYouTubeSearchViewController.m in Sources */ = {isa = PBXBuildFile; fileRef = 7C6465F217A9DFA000A4E2A3 /* JHYouTubeSearchViewController.m */; };
		7C6465F517A9DFA000A4E2A3 /* JHYouTubeSearchViewController.xib in Resources */ = {isa = PBXBuildFile; fileRef = 7C6465F317A9DFA000A4E2A3 /* JHYouTubeSearchViewController.xib */; };
		7C6465F917A9DFAC00A4E2A3 /* JHPlaylistViewController.m in Sources */ = {isa = PBXBuildFile; fileRef = 7C6465F717A9DFAC00A4E2A3 /* JHPlaylistViewController.m */; };
		7C6465FA17A9DFAC00A4E2A3 /* JHPlaylistViewController.xib in Resources */ = {isa = PBXBuildFile; fileRef = 7C6465F817A9DFAC00A4E2A3 /* JHPlaylistViewController.xib */; };
		7C800ACF17AAF7F300D6251C /* DataMatrix.mm in Sources */ = {isa = PBXBuildFile; fileRef = 7C800ACA17AAF7F300D6251C /* DataMatrix.mm */; settings = {COMPILER_FLAGS = "-fno-objc-arc"; }; };
		7C800AD017AAF7F300D6251C /* QR_Encode.cpp in Sources */ = {isa = PBXBuildFile; fileRef = 7C800ACB17AAF7F300D6251C /* QR_Encode.cpp */; };
		7C800AD117AAF7F300D6251C /* QREncoder.mm in Sources */ = {isa = PBXBuildFile; fileRef = 7C800ACE17AAF7F300D6251C /* QREncoder.mm */; settings = {COMPILER_FLAGS = "-fno-objc-arc"; }; };
		7C800AD417AB108300D6251C /* menu-bg.png in Resources */ = {isa = PBXBuildFile; fileRef = 7C800AD217AB108300D6251C /* menu-bg.png */; };
		7C800AD517AB108300D6251C /* menu-bg@2x.png in Resources */ = {isa = PBXBuildFile; fileRef = 7C800AD317AB108300D6251C /* menu-bg@2x.png */; };
		7C800ADD17AB159C00D6251C /* RESideMenuPrefixCell.m in Sources */ = {isa = PBXBuildFile; fileRef = 7C800ADC17AB159C00D6251C /* RESideMenuPrefixCell.m */; };
		7C800ADF17ABD00000D6251C /* RESideMenuPrefixCell.xib in Resources */ = {isa = PBXBuildFile; fileRef = 7C800ADE17ABD00000D6251C /* RESideMenuPrefixCell.xib */; };
		7C800AE917AC2B7E00D6251C /* JHYoutubeClient.m in Sources */ = {isa = PBXBuildFile; fileRef = 7C800AE817AC2B7E00D6251C /* JHYoutubeClient.m */; };
		7C800AEC17AC335100D6251C /* JHYoutubeSearchResult.m in Sources */ = {isa = PBXBuildFile; fileRef = 7C800AEB17AC335100D6251C /* JHYoutubeSearchResult.m */; };
		7C800AF217AD362700D6251C /* SORelativeDateTransformer.bundle in Resources */ = {isa = PBXBuildFile; fileRef = 7C800AEF17AD362700D6251C /* SORelativeDateTransformer.bundle */; };
		7C800AF317AD362700D6251C /* SORelativeDateTransformer.m in Sources */ = {isa = PBXBuildFile; fileRef = 7C800AF117AD362700D6251C /* SORelativeDateTransformer.m */; };
		7C800AF717AE776300D6251C /* JHStandardYoutubeViewController.m in Sources */ = {isa = PBXBuildFile; fileRef = 7C800AF517AE776300D6251C /* JHStandardYoutubeViewController.m */; };
		7C800AF817AE776300D6251C /* JHStandardYoutubeViewController.xib in Resources */ = {isa = PBXBuildFile; fileRef = 7C800AF617AE776300D6251C /* JHStandardYoutubeViewController.xib */; };
		7C800B0117AE992200D6251C /* JHRestClient.m in Sources */ = {isa = PBXBuildFile; fileRef = 7C800B0017AE992200D6251C /* JHRestClient.m */; };
		7C800B0417AEA94900D6251C /* JHTubeDjManager.m in Sources */ = {isa = PBXBuildFile; fileRef = 7C800B0317AEA94900D6251C /* JHTubeDjManager.m */; };
		7C800B0D17AEBA1B00D6251C /* JHHomeViewController.m in Sources */ = {isa = PBXBuildFile; fileRef = 7C800B0B17AEBA1800D6251C /* JHHomeViewController.m */; };
		7C800B0E17AEBA1B00D6251C /* JHHomeViewController.xib in Resources */ = {isa = PBXBuildFile; fileRef = 7C800B0C17AEBA1900D6251C /* JHHomeViewController.xib */; };
		7C800B1217AEBA2C00D6251C /* JHNewUserViewController.m in Sources */ = {isa = PBXBuildFile; fileRef = 7C800B1017AEBA2900D6251C /* JHNewUserViewController.m */; };
		7C800B1317AEBA2C00D6251C /* JHNewUserViewController.xib in Resources */ = {isa = PBXBuildFile; fileRef = 7C800B1117AEBA2B00D6251C /* JHNewUserViewController.xib */; };
		7C8918CF17B2723200FCF104 /* play-indicator.png in Resources */ = {isa = PBXBuildFile; fileRef = 7C8918CD17B2723200FCF104 /* play-indicator.png */; };
		7C8918D017B2723200FCF104 /* play-indicator@2x.png in Resources */ = {isa = PBXBuildFile; fileRef = 7C8918CE17B2723200FCF104 /* play-indicator@2x.png */; };
		7C8918D717B29D6000FCF104 /* JHServerViewController.m in Sources */ = {isa = PBXBuildFile; fileRef = 7C8918D517B29D5F00FCF104 /* JHServerViewController.m */; };
		7C8918D817B29D6000FCF104 /* JHServerViewController.xib in Resources */ = {isa = PBXBuildFile; fileRef = 7C8918D617B29D5F00FCF104 /* JHServerViewController.xib */; };
		7C8918DB17B29FC300FCF104 /* JHYoutubePlayer.m in Sources */ = {isa = PBXBuildFile; fileRef = 7C8918DA17B29FC300FCF104 /* JHYoutubePlayer.m */; };
		7C8918DD17B2A12A00FCF104 /* YT_Player.html in Resources */ = {isa = PBXBuildFile; fileRef = 7C8918DC17B2A12A00FCF104 /* YT_Player.html */; };
		7C8918E017B3C15D00FCF104 /* RemorsefulScrollView.m in Sources */ = {isa = PBXBuildFile; fileRef = 7C8918DF17B3C15D00FCF104 /* RemorsefulScrollView.m */; };
		7C8918E217B3CB1500FCF104 /* JHNoItemsInPlaylistView.xib in Resources */ = {isa = PBXBuildFile; fileRef = 7C8918E117B3CB1500FCF104 /* JHNoItemsInPlaylistView.xib */; };
		7C8918E517B3CB6700FCF104 /* JHNoItemsInPlaylistView.m in Sources */ = {isa = PBXBuildFile; fileRef = 7C8918E417B3CB6700FCF104 /* JHNoItemsInPlaylistView.m */; };
		7C8918E817B3CCF100FCF104 /* search-background.png in Resources */ = {isa = PBXBuildFile; fileRef = 7C8918E617B3CCF100FCF104 /* search-background.png */; };
		7C8918E917B3CCF100FCF104 /* search-backround@2x.png in Resources */ = {isa = PBXBuildFile; fileRef = 7C8918E717B3CCF100FCF104 /* search-backround@2x.png */; };
		7C8918EC17B3CE5900FCF104 /* search-icon.png in Resources */ = {isa = PBXBuildFile; fileRef = 7C8918EA17B3CE5900FCF104 /* search-icon.png */; };
		7C8918ED17B3CE5900FCF104 /* search-icon@2x.png in Resources */ = {isa = PBXBuildFile; fileRef = 7C8918EB17B3CE5900FCF104 /* search-icon@2x.png */; };
		7C8918F017B3D02A00FCF104 /* JHPlaylistHeader.m in Sources */ = {isa = PBXBuildFile; fileRef = 7C8918EF17B3D02A00FCF104 /* JHPlaylistHeader.m */; };
		7C8918F217B3D03900FCF104 /* JHPlaylistHeader.xib in Resources */ = {isa = PBXBuildFile; fileRef = 7C8918F117B3D03900FCF104 /* JHPlaylistHeader.xib */; };
		7C8918F517B42CAC00FCF104 /* UIAlertView+Blocks.m in Sources */ = {isa = PBXBuildFile; fileRef = 7C8918F417B42CAC00FCF104 /* UIAlertView+Blocks.m */; };
		7C8918FB17B4572400FCF104 /* RESideMenuEditCell.m in Sources */ = {isa = PBXBuildFile; fileRef = 7C8918FA17B4572400FCF104 /* RESideMenuEditCell.m */; };
		7C8918FD17B4572E00FCF104 /* RESideMenuEditCell.xib in Resources */ = {isa = PBXBuildFile; fileRef = 7C8918FC17B4572E00FCF104 /* RESideMenuEditCell.xib */; };
		7C89190017B4638F00FCF104 /* Reachability.m in Sources */ = {isa = PBXBuildFile; fileRef = 7C8918FF17B4638F00FCF104 /* Reachability.m */; settings = {COMPILER_FLAGS = "-fno-objc-arc"; }; };
		7C90D68A17AFB7990055D876 /* gradient-bg.png in Resources */ = {isa = PBXBuildFile; fileRef = 7C90D68617AFB7990055D876 /* gradient-bg.png */; };
		7C90D68B17AFB7990055D876 /* gradient-bg@2x.png in Resources */ = {isa = PBXBuildFile; fileRef = 7C90D68717AFB7990055D876 /* gradient-bg@2x.png */; };
		7C90D68C17AFB7990055D876 /* red-divider.png in Resources */ = {isa = PBXBuildFile; fileRef = 7C90D68817AFB7990055D876 /* red-divider.png */; };
		7C90D68D17AFB7990055D876 /* red-divider@2x.png in Resources */ = {isa = PBXBuildFile; fileRef = 7C90D68917AFB7990055D876 /* red-divider@2x.png */; };
		7C90D69117AFC22B0055D876 /* JHDiscalimerViewController.m in Sources */ = {isa = PBXBuildFile; fileRef = 7C90D68F17AFC22B0055D876 /* JHDiscalimerViewController.m */; };
		7C90D69217AFC22B0055D876 /* JHDiscalimerViewController.xib in Resources */ = {isa = PBXBuildFile; fileRef = 7C90D69017AFC22B0055D876 /* JHDiscalimerViewController.xib */; };
		7C90D69517B015760055D876 /* hexagon-button.png in Resources */ = {isa = PBXBuildFile; fileRef = 7C90D69317B015760055D876 /* hexagon-button.png */; };
		7C90D69617B015760055D876 /* hexagon-button@2x.png in Resources */ = {isa = PBXBuildFile; fileRef = 7C90D69417B015760055D876 /* hexagon-button@2x.png */; };
		7C90D69917B016DD0055D876 /* hexagon-button-highlighted.png in Resources */ = {isa = PBXBuildFile; fileRef = 7C90D69717B016DD0055D876 /* hexagon-button-highlighted.png */; };
		7C90D69A17B016DD0055D876 /* hexagon-button-highlighted@2x.png in Resources */ = {isa = PBXBuildFile; fileRef = 7C90D69817B016DD0055D876 /* hexagon-button-highlighted@2x.png */; };
		7C90D69D17B119FE0055D876 /* JHPlaylistItem.m in Sources */ = {isa = PBXBuildFile; fileRef = 7C90D69C17B119FE0055D876 /* JHPlaylistItem.m */; };
		7C90D6A017B120740055D876 /* JHUserItem.m in Sources */ = {isa = PBXBuildFile; fileRef = 7C90D69F17B120730055D876 /* JHUserItem.m */; };
		7C90D6AD17B12EBC0055D876 /* SocketIO.m in Sources */ = {isa = PBXBuildFile; fileRef = 7C90D6A317B12EBB0055D876 /* SocketIO.m */; };
		7C90D6AE17B12EBC0055D876 /* SocketIOJSONSerialization.m in Sources */ = {isa = PBXBuildFile; fileRef = 7C90D6A517B12EBB0055D876 /* SocketIOJSONSerialization.m */; };
		7C90D6AF17B12EBC0055D876 /* SocketIOPacket.m in Sources */ = {isa = PBXBuildFile; fileRef = 7C90D6A717B12EBC0055D876 /* SocketIOPacket.m */; };
		7C90D6B017B12EBC0055D876 /* SocketIOTransportWebsocket.m in Sources */ = {isa = PBXBuildFile; fileRef = 7C90D6AA17B12EBC0055D876 /* SocketIOTransportWebsocket.m */; };
		7C90D6B117B12EBC0055D876 /* SocketIOTransportXHR.m in Sources */ = {isa = PBXBuildFile; fileRef = 7C90D6AC17B12EBC0055D876 /* SocketIOTransportXHR.m */; };
		7CBE53D517AA749000647D68 /* UIColor+AppColours.m in Sources */ = {isa = PBXBuildFile; fileRef = 7CBE53D417AA749000647D68 /* UIColor+AppColours.m */; };
		7CBE53D817AA75E500647D68 /* NSString+UIColor.m in Sources */ = {isa = PBXBuildFile; fileRef = 7CBE53D717AA75E500647D68 /* NSString+UIColor.m */; };
		7CBE53DC17AA7B8E00647D68 /* navbar-background.png in Resources */ = {isa = PBXBuildFile; fileRef = 7CBE53DA17AA7B8E00647D68 /* navbar-background.png */; };
		7CBE53DD17AA7B8E00647D68 /* navbar-background@2x.png in Resources */ = {isa = PBXBuildFile; fileRef = 7CBE53DB17AA7B8E00647D68 /* navbar-background@2x.png */; };
		7CBE53E017AA81A800647D68 /* JHYoutubeSongCellBackgroundView.m in Sources */ = {isa = PBXBuildFile; fileRef = 7CBE53DF17AA81A700647D68 /* JHYoutubeSongCellBackgroundView.m */; };
		7CBE53E217AA81B000647D68 /* JHYoutubeSongCellBackgroundView.xib in Resources */ = {isa = PBXBuildFile; fileRef = 7CBE53E117AA81B000647D68 /* JHYoutubeSongCellBackgroundView.xib */; };
		7CBE53E917AA8C9B00647D68 /* JHYoutubeSongCell.xib in Resources */ = {isa = PBXBuildFile; fileRef = 7CBE53E817AA8C9B00647D68 /* JHYoutubeSongCell.xib */; };
		7CBE53EE17AA933000647D68 /* JHFontAwesome.m in Sources */ = {isa = PBXBuildFile; fileRef = 7CBE53EB17AA933000647D68 /* JHFontAwesome.m */; };
		7CBE53EF17AA933000647D68 /* UIFont+AppFonts.m in Sources */ = {isa = PBXBuildFile; fileRef = 7CBE53ED17AA933000647D68 /* UIFont+AppFonts.m */; };
		7CBE53F117AA936D00647D68 /* FontAwesome.otf in Resources */ = {isa = PBXBuildFile; fileRef = 7CBE53F017AA936D00647D68 /* FontAwesome.otf */; };
		7CBE540117AAEAC000647D68 /* AccelerationAnimation.m in Sources */ = {isa = PBXBuildFile; fileRef = 7CBE53F417AAEAC000647D68 /* AccelerationAnimation.m */; };
		7CBE540217AAEAC000647D68 /* Evaluate.m in Sources */ = {isa = PBXBuildFile; fileRef = 7CBE53F617AAEAC000647D68 /* Evaluate.m */; };
		7CBE540317AAEAC000647D68 /* REBackgroundView.m in Sources */ = {isa = PBXBuildFile; fileRef = 7CBE53F817AAEAC000647D68 /* REBackgroundView.m */; };
		7CBE540417AAEAC000647D68 /* RESideMenu.m in Sources */ = {isa = PBXBuildFile; fileRef = 7CBE53FA17AAEAC000647D68 /* RESideMenu.m */; };
		7CBE540517AAEAC000647D68 /* RESideMenuCell.m in Sources */ = {isa = PBXBuildFile; fileRef = 7CBE53FC17AAEAC000647D68 /* RESideMenuCell.m */; };
		7CBE540617AAEAC000647D68 /* RESideMenuItem.m in Sources */ = {isa = PBXBuildFile; fileRef = 7CBE53FE17AAEAC000647D68 /* RESideMenuItem.m */; };
		7CBE540717AAEAC000647D68 /* UIWindow+RESideMenuExtensions.m in Sources */ = {isa = PBXBuildFile; fileRef = 7CBE540017AAEAC000647D68 /* UIWindow+RESideMenuExtensions.m */; };
		7CBE540917AAECF100647D68 /* QuartzCore.framework in Frameworks */ = {isa = PBXBuildFile; fileRef = 7CBE540817AAECF100647D68 /* QuartzCore.framework */; };
		7CBE540E17AAEF6300647D68 /* JHQRCodeViewController.mm in Sources */ = {isa = PBXBuildFile; fileRef = 7CBE540C17AAEF6300647D68 /* JHQRCodeViewController.mm */; };
		7CBE540F17AAEF6300647D68 /* JHQRCodeViewController.xib in Resources */ = {isa = PBXBuildFile; fileRef = 7CBE540D17AAEF6300647D68 /* JHQRCodeViewController.xib */; };
/* End PBXBuildFile section */

/* Begin PBXFileReference section */
		079349673FEE4912A476FA9F /* Pods.xcconfig */ = {isa = PBXFileReference; includeInIndex = 1; lastKnownFileType = text.xcconfig; name = Pods.xcconfig; path = Pods/Pods.xcconfig; sourceTree = SOURCE_ROOT; };
		7C6465BC17A9DE3C00A4E2A3 /* tubedj.app */ = {isa = PBXFileReference; explicitFileType = wrapper.application; includeInIndex = 0; path = tubedj.app; sourceTree = BUILT_PRODUCTS_DIR; };
		7C6465BF17A9DE3C00A4E2A3 /* UIKit.framework */ = {isa = PBXFileReference; lastKnownFileType = wrapper.framework; name = UIKit.framework; path = System/Library/Frameworks/UIKit.framework; sourceTree = SDKROOT; };
		7C6465C117A9DE3C00A4E2A3 /* Foundation.framework */ = {isa = PBXFileReference; lastKnownFileType = wrapper.framework; name = Foundation.framework; path = System/Library/Frameworks/Foundation.framework; sourceTree = SDKROOT; };
		7C6465C317A9DE3C00A4E2A3 /* CoreGraphics.framework */ = {isa = PBXFileReference; lastKnownFileType = wrapper.framework; name = CoreGraphics.framework; path = System/Library/Frameworks/CoreGraphics.framework; sourceTree = SDKROOT; };
		7C6465C717A9DE3C00A4E2A3 /* tubedj-Info.plist */ = {isa = PBXFileReference; lastKnownFileType = text.plist.xml; path = "tubedj-Info.plist"; sourceTree = "<group>"; };
		7C6465C917A9DE3C00A4E2A3 /* en */ = {isa = PBXFileReference; lastKnownFileType = text.plist.strings; name = en; path = en.lproj/InfoPlist.strings; sourceTree = "<group>"; };
		7C6465CB17A9DE3C00A4E2A3 /* main.m */ = {isa = PBXFileReference; lastKnownFileType = sourcecode.c.objc; path = main.m; sourceTree = "<group>"; };
		7C6465CD17A9DE3C00A4E2A3 /* tubedj-Prefix.pch */ = {isa = PBXFileReference; lastKnownFileType = sourcecode.c.h; path = "tubedj-Prefix.pch"; sourceTree = "<group>"; };
		7C6465CE17A9DE3C00A4E2A3 /* JHAppDelegate.h */ = {isa = PBXFileReference; lastKnownFileType = sourcecode.c.h; path = JHAppDelegate.h; sourceTree = "<group>"; };
		7C6465CF17A9DE3C00A4E2A3 /* JHAppDelegate.m */ = {isa = PBXFileReference; lastKnownFileType = sourcecode.c.objc; path = JHAppDelegate.m; sourceTree = "<group>"; };
		7C6465D117A9DE3C00A4E2A3 /* Default.png */ = {isa = PBXFileReference; lastKnownFileType = image.png; path = Default.png; sourceTree = "<group>"; };
		7C6465D317A9DE3C00A4E2A3 /* Default@2x.png */ = {isa = PBXFileReference; lastKnownFileType = image.png; path = "Default@2x.png"; sourceTree = "<group>"; };
		7C6465D517A9DE3C00A4E2A3 /* Default-568h@2x.png */ = {isa = PBXFileReference; lastKnownFileType = image.png; path = "Default-568h@2x.png"; sourceTree = "<group>"; };
		7C6465E217A9DE5C00A4E2A3 /* JHClientViewController.h */ = {isa = PBXFileReference; fileEncoding = 4; lastKnownFileType = sourcecode.c.h; path = JHClientViewController.h; sourceTree = "<group>"; };
		7C6465E317A9DE5C00A4E2A3 /* JHClientViewController.m */ = {isa = PBXFileReference; fileEncoding = 4; lastKnownFileType = sourcecode.c.objc; path = JHClientViewController.m; sourceTree = "<group>"; };
		7C6465E417A9DE5C00A4E2A3 /* JHClientViewController.xib */ = {isa = PBXFileReference; fileEncoding = 4; lastKnownFileType = file.xib; path = JHClientViewController.xib; sourceTree = "<group>"; };
		7C6465E917A9DEEB00A4E2A3 /* GeneralUI.h */ = {isa = PBXFileReference; fileEncoding = 4; lastKnownFileType = sourcecode.c.h; path = GeneralUI.h; sourceTree = "<group>"; };
		7C6465EA17A9DEEB00A4E2A3 /* GeneralUI.m */ = {isa = PBXFileReference; fileEncoding = 4; lastKnownFileType = sourcecode.c.objc; path = GeneralUI.m; sourceTree = "<group>"; };
		7C6465EC17A9DF3000A4E2A3 /* JHYoutubeSongCell.h */ = {isa = PBXFileReference; fileEncoding = 4; lastKnownFileType = sourcecode.c.h; path = JHYoutubeSongCell.h; sourceTree = "<group>"; };
		7C6465ED17A9DF3000A4E2A3 /* JHYoutubeSongCell.m */ = {isa = PBXFileReference; fileEncoding = 4; lastKnownFileType = sourcecode.c.objc; path = JHYoutubeSongCell.m; sourceTree = "<group>"; };
		7C6465F117A9DFA000A4E2A3 /* JHYouTubeSearchViewController.h */ = {isa = PBXFileReference; fileEncoding = 4; lastKnownFileType = sourcecode.c.h; path = JHYouTubeSearchViewController.h; sourceTree = "<group>"; };
		7C6465F217A9DFA000A4E2A3 /* JHYouTubeSearchViewController.m */ = {isa = PBXFileReference; fileEncoding = 4; lastKnownFileType = sourcecode.c.objc; path = JHYouTubeSearchViewController.m; sourceTree = "<group>"; };
		7C6465F317A9DFA000A4E2A3 /* JHYouTubeSearchViewController.xib */ = {isa = PBXFileReference; fileEncoding = 4; lastKnownFileType = file.xib; path = JHYouTubeSearchViewController.xib; sourceTree = "<group>"; };
		7C6465F617A9DFAC00A4E2A3 /* JHPlaylistViewController.h */ = {isa = PBXFileReference; fileEncoding = 4; lastKnownFileType = sourcecode.c.h; path = JHPlaylistViewController.h; sourceTree = "<group>"; };
		7C6465F717A9DFAC00A4E2A3 /* JHPlaylistViewController.m */ = {isa = PBXFileReference; fileEncoding = 4; lastKnownFileType = sourcecode.c.objc; path = JHPlaylistViewController.m; sourceTree = "<group>"; };
		7C6465F817A9DFAC00A4E2A3 /* JHPlaylistViewController.xib */ = {isa = PBXFileReference; fileEncoding = 4; lastKnownFileType = file.xib; path = JHPlaylistViewController.xib; sourceTree = "<group>"; };
		7C800AC917AAF7F300D6251C /* DataMatrix.h */ = {isa = PBXFileReference; fileEncoding = 4; lastKnownFileType = sourcecode.c.h; path = DataMatrix.h; sourceTree = "<group>"; };
		7C800ACA17AAF7F300D6251C /* DataMatrix.mm */ = {isa = PBXFileReference; fileEncoding = 4; lastKnownFileType = sourcecode.cpp.objcpp; path = DataMatrix.mm; sourceTree = "<group>"; };
		7C800ACB17AAF7F300D6251C /* QR_Encode.cpp */ = {isa = PBXFileReference; fileEncoding = 4; lastKnownFileType = sourcecode.cpp.cpp; path = QR_Encode.cpp; sourceTree = "<group>"; };
		7C800ACC17AAF7F300D6251C /* QR_Encode.h */ = {isa = PBXFileReference; explicitFileType = sourcecode.cpp.h; fileEncoding = 4; path = QR_Encode.h; sourceTree = "<group>"; };
		7C800ACD17AAF7F300D6251C /* QREncoder.h */ = {isa = PBXFileReference; fileEncoding = 4; lastKnownFileType = sourcecode.c.h; path = QREncoder.h; sourceTree = "<group>"; };
		7C800ACE17AAF7F300D6251C /* QREncoder.mm */ = {isa = PBXFileReference; fileEncoding = 4; lastKnownFileType = sourcecode.cpp.objcpp; path = QREncoder.mm; sourceTree = "<group>"; };
		7C800AD217AB108300D6251C /* menu-bg.png */ = {isa = PBXFileReference; lastKnownFileType = image.png; name = "menu-bg.png"; path = "Resources/menu-bg.png"; sourceTree = "<group>"; };
		7C800AD317AB108300D6251C /* menu-bg@2x.png */ = {isa = PBXFileReference; lastKnownFileType = image.png; name = "menu-bg@2x.png"; path = "Resources/menu-bg@2x.png"; sourceTree = "<group>"; };
		7C800ADB17AB159C00D6251C /* RESideMenuPrefixCell.h */ = {isa = PBXFileReference; fileEncoding = 4; lastKnownFileType = sourcecode.c.h; path = RESideMenuPrefixCell.h; sourceTree = "<group>"; };
		7C800ADC17AB159C00D6251C /* RESideMenuPrefixCell.m */ = {isa = PBXFileReference; fileEncoding = 4; lastKnownFileType = sourcecode.c.objc; path = RESideMenuPrefixCell.m; sourceTree = "<group>"; };
		7C800ADE17ABD00000D6251C /* RESideMenuPrefixCell.xib */ = {isa = PBXFileReference; fileEncoding = 4; lastKnownFileType = file.xib; path = RESideMenuPrefixCell.xib; sourceTree = "<group>"; };
		7C800AE717AC2B7E00D6251C /* JHYoutubeClient.h */ = {isa = PBXFileReference; fileEncoding = 4; lastKnownFileType = sourcecode.c.h; path = JHYoutubeClient.h; sourceTree = "<group>"; };
		7C800AE817AC2B7E00D6251C /* JHYoutubeClient.m */ = {isa = PBXFileReference; fileEncoding = 4; lastKnownFileType = sourcecode.c.objc; path = JHYoutubeClient.m; sourceTree = "<group>"; };
		7C800AEA17AC335100D6251C /* JHYoutubeSearchResult.h */ = {isa = PBXFileReference; fileEncoding = 4; lastKnownFileType = sourcecode.c.h; path = JHYoutubeSearchResult.h; sourceTree = "<group>"; };
		7C800AEB17AC335100D6251C /* JHYoutubeSearchResult.m */ = {isa = PBXFileReference; fileEncoding = 4; lastKnownFileType = sourcecode.c.objc; path = JHYoutubeSearchResult.m; sourceTree = "<group>"; };
		7C800AEF17AD362700D6251C /* SORelativeDateTransformer.bundle */ = {isa = PBXFileReference; lastKnownFileType = "wrapper.plug-in"; path = SORelativeDateTransformer.bundle; sourceTree = "<group>"; };
		7C800AF017AD362700D6251C /* SORelativeDateTransformer.h */ = {isa = PBXFileReference; fileEncoding = 4; lastKnownFileType = sourcecode.c.h; path = SORelativeDateTransformer.h; sourceTree = "<group>"; };
		7C800AF117AD362700D6251C /* SORelativeDateTransformer.m */ = {isa = PBXFileReference; fileEncoding = 4; lastKnownFileType = sourcecode.c.objc; path = SORelativeDateTransformer.m; sourceTree = "<group>"; };
		7C800AF417AE776300D6251C /* JHStandardYoutubeViewController.h */ = {isa = PBXFileReference; fileEncoding = 4; lastKnownFileType = sourcecode.c.h; path = JHStandardYoutubeViewController.h; sourceTree = "<group>"; };
		7C800AF517AE776300D6251C /* JHStandardYoutubeViewController.m */ = {isa = PBXFileReference; fileEncoding = 4; lastKnownFileType = sourcecode.c.objc; path = JHStandardYoutubeViewController.m; sourceTree = "<group>"; };
		7C800AF617AE776300D6251C /* JHStandardYoutubeViewController.xib */ = {isa = PBXFileReference; fileEncoding = 4; lastKnownFileType = file.xib; path = JHStandardYoutubeViewController.xib; sourceTree = "<group>"; };
		7C800AFF17AE992200D6251C /* JHRestClient.h */ = {isa = PBXFileReference; fileEncoding = 4; lastKnownFileType = sourcecode.c.h; path = JHRestClient.h; sourceTree = "<group>"; };
		7C800B0017AE992200D6251C /* JHRestClient.m */ = {isa = PBXFileReference; fileEncoding = 4; lastKnownFileType = sourcecode.c.objc; path = JHRestClient.m; sourceTree = "<group>"; };
		7C800B0217AEA94900D6251C /* JHTubeDjManager.h */ = {isa = PBXFileReference; fileEncoding = 4; lastKnownFileType = sourcecode.c.h; path = JHTubeDjManager.h; sourceTree = "<group>"; };
		7C800B0317AEA94900D6251C /* JHTubeDjManager.m */ = {isa = PBXFileReference; fileEncoding = 4; lastKnownFileType = sourcecode.c.objc; path = JHTubeDjManager.m; sourceTree = "<group>"; };
		7C800B0A17AEBA1600D6251C /* JHHomeViewController.h */ = {isa = PBXFileReference; fileEncoding = 4; lastKnownFileType = sourcecode.c.h; path = JHHomeViewController.h; sourceTree = "<group>"; };
		7C800B0B17AEBA1800D6251C /* JHHomeViewController.m */ = {isa = PBXFileReference; fileEncoding = 4; lastKnownFileType = sourcecode.c.objc; path = JHHomeViewController.m; sourceTree = "<group>"; };
		7C800B0C17AEBA1900D6251C /* JHHomeViewController.xib */ = {isa = PBXFileReference; fileEncoding = 4; lastKnownFileType = file.xib; path = JHHomeViewController.xib; sourceTree = "<group>"; };
		7C800B0F17AEBA2800D6251C /* JHNewUserViewController.h */ = {isa = PBXFileReference; fileEncoding = 4; lastKnownFileType = sourcecode.c.h; path = JHNewUserViewController.h; sourceTree = "<group>"; };
		7C800B1017AEBA2900D6251C /* JHNewUserViewController.m */ = {isa = PBXFileReference; fileEncoding = 4; lastKnownFileType = sourcecode.c.objc; path = JHNewUserViewController.m; sourceTree = "<group>"; };
		7C800B1117AEBA2B00D6251C /* JHNewUserViewController.xib */ = {isa = PBXFileReference; fileEncoding = 4; lastKnownFileType = file.xib; path = JHNewUserViewController.xib; sourceTree = "<group>"; };
		7C8918CD17B2723200FCF104 /* play-indicator.png */ = {isa = PBXFileReference; lastKnownFileType = image.png; name = "play-indicator.png"; path = "Resources/play-indicator.png"; sourceTree = "<group>"; };
		7C8918CE17B2723200FCF104 /* play-indicator@2x.png */ = {isa = PBXFileReference; lastKnownFileType = image.png; name = "play-indicator@2x.png"; path = "Resources/play-indicator@2x.png"; sourceTree = "<group>"; };
		7C8918D417B29D5F00FCF104 /* JHServerViewController.h */ = {isa = PBXFileReference; fileEncoding = 4; lastKnownFileType = sourcecode.c.h; path = JHServerViewController.h; sourceTree = "<group>"; };
		7C8918D517B29D5F00FCF104 /* JHServerViewController.m */ = {isa = PBXFileReference; fileEncoding = 4; lastKnownFileType = sourcecode.c.objc; path = JHServerViewController.m; sourceTree = "<group>"; };
		7C8918D617B29D5F00FCF104 /* JHServerViewController.xib */ = {isa = PBXFileReference; fileEncoding = 4; lastKnownFileType = file.xib; path = JHServerViewController.xib; sourceTree = "<group>"; };
		7C8918D917B29FC300FCF104 /* JHYoutubePlayer.h */ = {isa = PBXFileReference; fileEncoding = 4; lastKnownFileType = sourcecode.c.h; path = JHYoutubePlayer.h; sourceTree = "<group>"; };
		7C8918DA17B29FC300FCF104 /* JHYoutubePlayer.m */ = {isa = PBXFileReference; fileEncoding = 4; lastKnownFileType = sourcecode.c.objc; path = JHYoutubePlayer.m; sourceTree = "<group>"; };
		7C8918DC17B2A12A00FCF104 /* YT_Player.html */ = {isa = PBXFileReference; fileEncoding = 4; lastKnownFileType = text.html; path = YT_Player.html; sourceTree = "<group>"; };
		7C8918DE17B3C15D00FCF104 /* RemorsefulScrollView.h */ = {isa = PBXFileReference; fileEncoding = 4; lastKnownFileType = sourcecode.c.h; path = RemorsefulScrollView.h; sourceTree = "<group>"; };
		7C8918DF17B3C15D00FCF104 /* RemorsefulScrollView.m */ = {isa = PBXFileReference; fileEncoding = 4; lastKnownFileType = sourcecode.c.objc; path = RemorsefulScrollView.m; sourceTree = "<group>"; };
		7C8918E117B3CB1500FCF104 /* JHNoItemsInPlaylistView.xib */ = {isa = PBXFileReference; fileEncoding = 4; lastKnownFileType = file.xib; path = JHNoItemsInPlaylistView.xib; sourceTree = "<group>"; };
		7C8918E317B3CB6700FCF104 /* JHNoItemsInPlaylistView.h */ = {isa = PBXFileReference; fileEncoding = 4; lastKnownFileType = sourcecode.c.h; path = JHNoItemsInPlaylistView.h; sourceTree = "<group>"; };
		7C8918E417B3CB6700FCF104 /* JHNoItemsInPlaylistView.m */ = {isa = PBXFileReference; fileEncoding = 4; lastKnownFileType = sourcecode.c.objc; path = JHNoItemsInPlaylistView.m; sourceTree = "<group>"; };
		7C8918E617B3CCF100FCF104 /* search-background.png */ = {isa = PBXFileReference; lastKnownFileType = image.png; name = "search-background.png"; path = "Resources/search-background.png"; sourceTree = "<group>"; };
		7C8918E717B3CCF100FCF104 /* search-backround@2x.png */ = {isa = PBXFileReference; lastKnownFileType = image.png; name = "search-backround@2x.png"; path = "Resources/search-backround@2x.png"; sourceTree = "<group>"; };
		7C8918EA17B3CE5900FCF104 /* search-icon.png */ = {isa = PBXFileReference; lastKnownFileType = image.png; name = "search-icon.png"; path = "Resources/search-icon.png"; sourceTree = "<group>"; };
		7C8918EB17B3CE5900FCF104 /* search-icon@2x.png */ = {isa = PBXFileReference; lastKnownFileType = image.png; name = "search-icon@2x.png"; path = "Resources/search-icon@2x.png"; sourceTree = "<group>"; };
		7C8918EE17B3D02A00FCF104 /* JHPlaylistHeader.h */ = {isa = PBXFileReference; fileEncoding = 4; lastKnownFileType = sourcecode.c.h; path = JHPlaylistHeader.h; sourceTree = "<group>"; };
		7C8918EF17B3D02A00FCF104 /* JHPlaylistHeader.m */ = {isa = PBXFileReference; fileEncoding = 4; lastKnownFileType = sourcecode.c.objc; path = JHPlaylistHeader.m; sourceTree = "<group>"; };
		7C8918F117B3D03900FCF104 /* JHPlaylistHeader.xib */ = {isa = PBXFileReference; fileEncoding = 4; lastKnownFileType = file.xib; path = JHPlaylistHeader.xib; sourceTree = "<group>"; };
		7C8918F317B42CAC00FCF104 /* UIAlertView+Blocks.h */ = {isa = PBXFileReference; fileEncoding = 4; lastKnownFileType = sourcecode.c.h; path = "UIAlertView+Blocks.h"; sourceTree = "<group>"; };
		7C8918F417B42CAC00FCF104 /* UIAlertView+Blocks.m */ = {isa = PBXFileReference; fileEncoding = 4; lastKnownFileType = sourcecode.c.objc; path = "UIAlertView+Blocks.m"; sourceTree = "<group>"; };
		7C8918F917B4572400FCF104 /* RESideMenuEditCell.h */ = {isa = PBXFileReference; fileEncoding = 4; lastKnownFileType = sourcecode.c.h; path = RESideMenuEditCell.h; sourceTree = "<group>"; };
		7C8918FA17B4572400FCF104 /* RESideMenuEditCell.m */ = {isa = PBXFileReference; fileEncoding = 4; lastKnownFileType = sourcecode.c.objc; path = RESideMenuEditCell.m; sourceTree = "<group>"; };
		7C8918FC17B4572E00FCF104 /* RESideMenuEditCell.xib */ = {isa = PBXFileReference; fileEncoding = 4; lastKnownFileType = file.xib; path = RESideMenuEditCell.xib; sourceTree = "<group>"; };
		7C8918FE17B4638F00FCF104 /* Reachability.h */ = {isa = PBXFileReference; fileEncoding = 4; lastKnownFileType = sourcecode.c.h; path = Reachability.h; sourceTree = "<group>"; };
		7C8918FF17B4638F00FCF104 /* Reachability.m */ = {isa = PBXFileReference; fileEncoding = 4; lastKnownFileType = sourcecode.c.objc; path = Reachability.m; sourceTree = "<group>"; };
		7C90D68617AFB7990055D876 /* gradient-bg.png */ = {isa = PBXFileReference; lastKnownFileType = image.png; name = "gradient-bg.png"; path = "Resources/gradient-bg.png"; sourceTree = "<group>"; };
		7C90D68717AFB7990055D876 /* gradient-bg@2x.png */ = {isa = PBXFileReference; lastKnownFileType = image.png; name = "gradient-bg@2x.png"; path = "Resources/gradient-bg@2x.png"; sourceTree = "<group>"; };
		7C90D68817AFB7990055D876 /* red-divider.png */ = {isa = PBXFileReference; lastKnownFileType = image.png; name = "red-divider.png"; path = "Resources/red-divider.png"; sourceTree = "<group>"; };
		7C90D68917AFB7990055D876 /* red-divider@2x.png */ = {isa = PBXFileReference; lastKnownFileType = image.png; name = "red-divider@2x.png"; path = "Resources/red-divider@2x.png"; sourceTree = "<group>"; };
		7C90D68E17AFC22B0055D876 /* JHDiscalimerViewController.h */ = {isa = PBXFileReference; fileEncoding = 4; lastKnownFileType = sourcecode.c.h; path = JHDiscalimerViewController.h; sourceTree = "<group>"; };
		7C90D68F17AFC22B0055D876 /* JHDiscalimerViewController.m */ = {isa = PBXFileReference; fileEncoding = 4; lastKnownFileType = sourcecode.c.objc; path = JHDiscalimerViewController.m; sourceTree = "<group>"; };
		7C90D69017AFC22B0055D876 /* JHDiscalimerViewController.xib */ = {isa = PBXFileReference; fileEncoding = 4; lastKnownFileType = file.xib; path = JHDiscalimerViewController.xib; sourceTree = "<group>"; };
		7C90D69317B015760055D876 /* hexagon-button.png */ = {isa = PBXFileReference; lastKnownFileType = image.png; name = "hexagon-button.png"; path = "Resources/hexagon-button.png"; sourceTree = "<group>"; };
		7C90D69417B015760055D876 /* hexagon-button@2x.png */ = {isa = PBXFileReference; lastKnownFileType = image.png; name = "hexagon-button@2x.png"; path = "Resources/hexagon-button@2x.png"; sourceTree = "<group>"; };
		7C90D69717B016DD0055D876 /* hexagon-button-highlighted.png */ = {isa = PBXFileReference; lastKnownFileType = image.png; name = "hexagon-button-highlighted.png"; path = "Resources/hexagon-button-highlighted.png"; sourceTree = "<group>"; };
		7C90D69817B016DD0055D876 /* hexagon-button-highlighted@2x.png */ = {isa = PBXFileReference; lastKnownFileType = image.png; name = "hexagon-button-highlighted@2x.png"; path = "Resources/hexagon-button-highlighted@2x.png"; sourceTree = "<group>"; };
		7C90D69B17B119FE0055D876 /* JHPlaylistItem.h */ = {isa = PBXFileReference; fileEncoding = 4; lastKnownFileType = sourcecode.c.h; path = JHPlaylistItem.h; sourceTree = "<group>"; };
		7C90D69C17B119FE0055D876 /* JHPlaylistItem.m */ = {isa = PBXFileReference; fileEncoding = 4; lastKnownFileType = sourcecode.c.objc; path = JHPlaylistItem.m; sourceTree = "<group>"; };
		7C90D69E17B120730055D876 /* JHUserItem.h */ = {isa = PBXFileReference; fileEncoding = 4; lastKnownFileType = sourcecode.c.h; path = JHUserItem.h; sourceTree = "<group>"; };
		7C90D69F17B120730055D876 /* JHUserItem.m */ = {isa = PBXFileReference; fileEncoding = 4; lastKnownFileType = sourcecode.c.objc; path = JHUserItem.m; sourceTree = "<group>"; };
		7C90D6A217B12EBB0055D876 /* SocketIO.h */ = {isa = PBXFileReference; fileEncoding = 4; lastKnownFileType = sourcecode.c.h; path = SocketIO.h; sourceTree = "<group>"; };
		7C90D6A317B12EBB0055D876 /* SocketIO.m */ = {isa = PBXFileReference; fileEncoding = 4; lastKnownFileType = sourcecode.c.objc; path = SocketIO.m; sourceTree = "<group>"; };
		7C90D6A417B12EBB0055D876 /* SocketIOJSONSerialization.h */ = {isa = PBXFileReference; fileEncoding = 4; lastKnownFileType = sourcecode.c.h; path = SocketIOJSONSerialization.h; sourceTree = "<group>"; };
		7C90D6A517B12EBB0055D876 /* SocketIOJSONSerialization.m */ = {isa = PBXFileReference; fileEncoding = 4; lastKnownFileType = sourcecode.c.objc; path = SocketIOJSONSerialization.m; sourceTree = "<group>"; };
		7C90D6A617B12EBC0055D876 /* SocketIOPacket.h */ = {isa = PBXFileReference; fileEncoding = 4; lastKnownFileType = sourcecode.c.h; path = SocketIOPacket.h; sourceTree = "<group>"; };
		7C90D6A717B12EBC0055D876 /* SocketIOPacket.m */ = {isa = PBXFileReference; fileEncoding = 4; lastKnownFileType = sourcecode.c.objc; path = SocketIOPacket.m; sourceTree = "<group>"; };
		7C90D6A817B12EBC0055D876 /* SocketIOTransport.h */ = {isa = PBXFileReference; fileEncoding = 4; lastKnownFileType = sourcecode.c.h; path = SocketIOTransport.h; sourceTree = "<group>"; };
		7C90D6A917B12EBC0055D876 /* SocketIOTransportWebsocket.h */ = {isa = PBXFileReference; fileEncoding = 4; lastKnownFileType = sourcecode.c.h; path = SocketIOTransportWebsocket.h; sourceTree = "<group>"; };
		7C90D6AA17B12EBC0055D876 /* SocketIOTransportWebsocket.m */ = {isa = PBXFileReference; fileEncoding = 4; lastKnownFileType = sourcecode.c.objc; path = SocketIOTransportWebsocket.m; sourceTree = "<group>"; };
		7C90D6AB17B12EBC0055D876 /* SocketIOTransportXHR.h */ = {isa = PBXFileReference; fileEncoding = 4; lastKnownFileType = sourcecode.c.h; path = SocketIOTransportXHR.h; sourceTree = "<group>"; };
		7C90D6AC17B12EBC0055D876 /* SocketIOTransportXHR.m */ = {isa = PBXFileReference; fileEncoding = 4; lastKnownFileType = sourcecode.c.objc; path = SocketIOTransportXHR.m; sourceTree = "<group>"; };
		7CBE53D317AA749000647D68 /* UIColor+AppColours.h */ = {isa = PBXFileReference; fileEncoding = 4; lastKnownFileType = sourcecode.c.h; path = "UIColor+AppColours.h"; sourceTree = "<group>"; };
		7CBE53D417AA749000647D68 /* UIColor+AppColours.m */ = {isa = PBXFileReference; fileEncoding = 4; lastKnownFileType = sourcecode.c.objc; path = "UIColor+AppColours.m"; sourceTree = "<group>"; };
		7CBE53D617AA75E500647D68 /* NSString+UIColor.h */ = {isa = PBXFileReference; fileEncoding = 4; lastKnownFileType = sourcecode.c.h; path = "NSString+UIColor.h"; sourceTree = "<group>"; };
		7CBE53D717AA75E500647D68 /* NSString+UIColor.m */ = {isa = PBXFileReference; fileEncoding = 4; lastKnownFileType = sourcecode.c.objc; path = "NSString+UIColor.m"; sourceTree = "<group>"; };
		7CBE53DA17AA7B8E00647D68 /* navbar-background.png */ = {isa = PBXFileReference; lastKnownFileType = image.png; name = "navbar-background.png"; path = "Resources/navbar-background.png"; sourceTree = "<group>"; };
		7CBE53DB17AA7B8E00647D68 /* navbar-background@2x.png */ = {isa = PBXFileReference; lastKnownFileType = image.png; name = "navbar-background@2x.png"; path = "Resources/navbar-background@2x.png"; sourceTree = "<group>"; };
		7CBE53DE17AA81A700647D68 /* JHYoutubeSongCellBackgroundView.h */ = {isa = PBXFileReference; fileEncoding = 4; lastKnownFileType = sourcecode.c.h; path = JHYoutubeSongCellBackgroundView.h; sourceTree = "<group>"; };
		7CBE53DF17AA81A700647D68 /* JHYoutubeSongCellBackgroundView.m */ = {isa = PBXFileReference; fileEncoding = 4; lastKnownFileType = sourcecode.c.objc; path = JHYoutubeSongCellBackgroundView.m; sourceTree = "<group>"; };
		7CBE53E117AA81B000647D68 /* JHYoutubeSongCellBackgroundView.xib */ = {isa = PBXFileReference; fileEncoding = 4; lastKnownFileType = file.xib; path = JHYoutubeSongCellBackgroundView.xib; sourceTree = "<group>"; };
		7CBE53E817AA8C9B00647D68 /* JHYoutubeSongCell.xib */ = {isa = PBXFileReference; fileEncoding = 4; lastKnownFileType = file.xib; path = JHYoutubeSongCell.xib; sourceTree = "<group>"; };
		7CBE53EA17AA933000647D68 /* JHFontAwesome.h */ = {isa = PBXFileReference; fileEncoding = 4; lastKnownFileType = sourcecode.c.h; name = JHFontAwesome.h; path = "../../Why Dont We (ios6)/Why Dont We (ios6)/JHFontAwesome.h"; sourceTree = "<group>"; };
		7CBE53EB17AA933000647D68 /* JHFontAwesome.m */ = {isa = PBXFileReference; fileEncoding = 4; lastKnownFileType = sourcecode.c.objc; name = JHFontAwesome.m; path = "../../Why Dont We (ios6)/Why Dont We (ios6)/JHFontAwesome.m"; sourceTree = "<group>"; };
		7CBE53EC17AA933000647D68 /* UIFont+AppFonts.h */ = {isa = PBXFileReference; fileEncoding = 4; lastKnownFileType = sourcecode.c.h; name = "UIFont+AppFonts.h"; path = "../../Why Dont We (ios6)/Why Dont We (ios6)/UIFont+AppFonts.h"; sourceTree = "<group>"; };
		7CBE53ED17AA933000647D68 /* UIFont+AppFonts.m */ = {isa = PBXFileReference; fileEncoding = 4; lastKnownFileType = sourcecode.c.objc; name = "UIFont+AppFonts.m"; path = "../../Why Dont We (ios6)/Why Dont We (ios6)/UIFont+AppFonts.m"; sourceTree = "<group>"; };
		7CBE53F017AA936D00647D68 /* FontAwesome.otf */ = {isa = PBXFileReference; lastKnownFileType = file; path = FontAwesome.otf; sourceTree = "<group>"; };
		7CBE53F317AAEAC000647D68 /* AccelerationAnimation.h */ = {isa = PBXFileReference; fileEncoding = 4; lastKnownFileType = sourcecode.c.h; path = AccelerationAnimation.h; sourceTree = "<group>"; };
		7CBE53F417AAEAC000647D68 /* AccelerationAnimation.m */ = {isa = PBXFileReference; fileEncoding = 4; lastKnownFileType = sourcecode.c.objc; path = AccelerationAnimation.m; sourceTree = "<group>"; };
		7CBE53F517AAEAC000647D68 /* Evaluate.h */ = {isa = PBXFileReference; fileEncoding = 4; lastKnownFileType = sourcecode.c.h; path = Evaluate.h; sourceTree = "<group>"; };
		7CBE53F617AAEAC000647D68 /* Evaluate.m */ = {isa = PBXFileReference; fileEncoding = 4; lastKnownFileType = sourcecode.c.objc; path = Evaluate.m; sourceTree = "<group>"; };
		7CBE53F717AAEAC000647D68 /* REBackgroundView.h */ = {isa = PBXFileReference; fileEncoding = 4; lastKnownFileType = sourcecode.c.h; path = REBackgroundView.h; sourceTree = "<group>"; };
		7CBE53F817AAEAC000647D68 /* REBackgroundView.m */ = {isa = PBXFileReference; fileEncoding = 4; lastKnownFileType = sourcecode.c.objc; path = REBackgroundView.m; sourceTree = "<group>"; };
		7CBE53F917AAEAC000647D68 /* RESideMenu.h */ = {isa = PBXFileReference; fileEncoding = 4; lastKnownFileType = sourcecode.c.h; path = RESideMenu.h; sourceTree = "<group>"; };
		7CBE53FA17AAEAC000647D68 /* RESideMenu.m */ = {isa = PBXFileReference; fileEncoding = 4; lastKnownFileType = sourcecode.c.objc; path = RESideMenu.m; sourceTree = "<group>"; };
		7CBE53FB17AAEAC000647D68 /* RESideMenuCell.h */ = {isa = PBXFileReference; fileEncoding = 4; lastKnownFileType = sourcecode.c.h; path = RESideMenuCell.h; sourceTree = "<group>"; };
		7CBE53FC17AAEAC000647D68 /* RESideMenuCell.m */ = {isa = PBXFileReference; fileEncoding = 4; lastKnownFileType = sourcecode.c.objc; path = RESideMenuCell.m; sourceTree = "<group>"; };
		7CBE53FD17AAEAC000647D68 /* RESideMenuItem.h */ = {isa = PBXFileReference; fileEncoding = 4; lastKnownFileType = sourcecode.c.h; path = RESideMenuItem.h; sourceTree = "<group>"; };
		7CBE53FE17AAEAC000647D68 /* RESideMenuItem.m */ = {isa = PBXFileReference; fileEncoding = 4; lastKnownFileType = sourcecode.c.objc; path = RESideMenuItem.m; sourceTree = "<group>"; };
		7CBE53FF17AAEAC000647D68 /* UIWindow+RESideMenuExtensions.h */ = {isa = PBXFileReference; fileEncoding = 4; lastKnownFileType = sourcecode.c.h; path = "UIWindow+RESideMenuExtensions.h"; sourceTree = "<group>"; };
		7CBE540017AAEAC000647D68 /* UIWindow+RESideMenuExtensions.m */ = {isa = PBXFileReference; fileEncoding = 4; lastKnownFileType = sourcecode.c.objc; path = "UIWindow+RESideMenuExtensions.m"; sourceTree = "<group>"; };
		7CBE540817AAECF100647D68 /* QuartzCore.framework */ = {isa = PBXFileReference; lastKnownFileType = wrapper.framework; name = QuartzCore.framework; path = System/Library/Frameworks/QuartzCore.framework; sourceTree = SDKROOT; };
		7CBE540B17AAEF6300647D68 /* JHQRCodeViewController.h */ = {isa = PBXFileReference; fileEncoding = 4; lastKnownFileType = sourcecode.c.h; path = JHQRCodeViewController.h; sourceTree = "<group>"; };
		7CBE540C17AAEF6300647D68 /* JHQRCodeViewController.mm */ = {isa = PBXFileReference; fileEncoding = 4; lastKnownFileType = sourcecode.cpp.objcpp; path = JHQRCodeViewController.mm; sourceTree = "<group>"; };
		7CBE540D17AAEF6300647D68 /* JHQRCodeViewController.xib */ = {isa = PBXFileReference; fileEncoding = 4; lastKnownFileType = file.xib; path = JHQRCodeViewController.xib; sourceTree = "<group>"; };
		CBFB221824DF4DA888384C44 /* libPods.a */ = {isa = PBXFileReference; explicitFileType = archive.ar; includeInIndex = 0; path = libPods.a; sourceTree = BUILT_PRODUCTS_DIR; };
/* End PBXFileReference section */

/* Begin PBXFrameworksBuildPhase section */
		7C6465B917A9DE3C00A4E2A3 /* Frameworks */ = {
			isa = PBXFrameworksBuildPhase;
			buildActionMask = 2147483647;
			files = (
				7CBE540917AAECF100647D68 /* QuartzCore.framework in Frameworks */,
				7C6465C017A9DE3C00A4E2A3 /* UIKit.framework in Frameworks */,
				7C6465C217A9DE3C00A4E2A3 /* Foundation.framework in Frameworks */,
				7C6465C417A9DE3C00A4E2A3 /* CoreGraphics.framework in Frameworks */,
				45C66E545B9040F592AD50AC /* libPods.a in Frameworks */,
			);
			runOnlyForDeploymentPostprocessing = 0;
		};
/* End PBXFrameworksBuildPhase section */

/* Begin PBXGroup section */
		7C6465B317A9DE3C00A4E2A3 = {
			isa = PBXGroup;
			children = (
				7CBE540817AAECF100647D68 /* QuartzCore.framework */,
				7C6465C517A9DE3C00A4E2A3 /* tubedj */,
				7C6465BE17A9DE3C00A4E2A3 /* Frameworks */,
				7C6465BD17A9DE3C00A4E2A3 /* Products */,
				079349673FEE4912A476FA9F /* Pods.xcconfig */,
			);
			sourceTree = "<group>";
		};
		7C6465BD17A9DE3C00A4E2A3 /* Products */ = {
			isa = PBXGroup;
			children = (
				7C6465BC17A9DE3C00A4E2A3 /* tubedj.app */,
			);
			name = Products;
			sourceTree = "<group>";
		};
		7C6465BE17A9DE3C00A4E2A3 /* Frameworks */ = {
			isa = PBXGroup;
			children = (
				7C6465BF17A9DE3C00A4E2A3 /* UIKit.framework */,
				7C6465C117A9DE3C00A4E2A3 /* Foundation.framework */,
				7C6465C317A9DE3C00A4E2A3 /* CoreGraphics.framework */,
				CBFB221824DF4DA888384C44 /* libPods.a */,
			);
			name = Frameworks;
			sourceTree = "<group>";
		};
		7C6465C517A9DE3C00A4E2A3 /* tubedj */ = {
			isa = PBXGroup;
			children = (
				7C90D6A117B12EA70055D876 /* SocketIO */,
				7C800AEE17AD35F600D6251C /* SORelativeDateTransformer */,
				7C800AE617AC0B8C00D6251C /* Rest API Client */,
				7C800AE517AC0B7700D6251C /* Youtube client */,
				7CBE540A17AAEF4D00647D68 /* QR Code Encoder */,
				7CBE53F217AAEAA600647D68 /* RESideMenu */,
				7CBE53D217AA746900647D68 /* Navigation Bar */,
				7C6465E817A9DED200A4E2A3 /* Utils */,
				7C6465E717A9DEC300A4E2A3 /* Shared */,
				7C6465CE17A9DE3C00A4E2A3 /* JHAppDelegate.h */,
				7C6465CF17A9DE3C00A4E2A3 /* JHAppDelegate.m */,
				7C800B1417AFB49500D6251C /* Start Screens */,
				7C6465C617A9DE3C00A4E2A3 /* Supporting Files */,
				7C6465E217A9DE5C00A4E2A3 /* JHClientViewController.h */,
				7C6465E317A9DE5C00A4E2A3 /* JHClientViewController.m */,
				7C6465E417A9DE5C00A4E2A3 /* JHClientViewController.xib */,
				7C8918D417B29D5F00FCF104 /* JHServerViewController.h */,
				7C8918D517B29D5F00FCF104 /* JHServerViewController.m */,
				7C8918D617B29D5F00FCF104 /* JHServerViewController.xib */,
				7C800B0A17AEBA1600D6251C /* JHHomeViewController.h */,
				7C800B0B17AEBA1800D6251C /* JHHomeViewController.m */,
				7C800B0C17AEBA1900D6251C /* JHHomeViewController.xib */,
				7C8918D917B29FC300FCF104 /* JHYoutubePlayer.h */,
				7C8918DA17B29FC300FCF104 /* JHYoutubePlayer.m */,
				7C8918DC17B2A12A00FCF104 /* YT_Player.html */,
			);
			path = tubedj;
			sourceTree = "<group>";
		};
		7C6465C617A9DE3C00A4E2A3 /* Supporting Files */ = {
			isa = PBXGroup;
			children = (
				7CBE53D917AA7A8800647D68 /* Resources */,
				7C6465C717A9DE3C00A4E2A3 /* tubedj-Info.plist */,
				7C6465C817A9DE3C00A4E2A3 /* InfoPlist.strings */,
				7C6465CB17A9DE3C00A4E2A3 /* main.m */,
				7C6465CD17A9DE3C00A4E2A3 /* tubedj-Prefix.pch */,
				7C6465D117A9DE3C00A4E2A3 /* Default.png */,
				7C6465D317A9DE3C00A4E2A3 /* Default@2x.png */,
				7C6465D517A9DE3C00A4E2A3 /* Default-568h@2x.png */,
			);
			name = "Supporting Files";
			sourceTree = "<group>";
		};
		7C6465E717A9DEC300A4E2A3 /* Shared */ = {
			isa = PBXGroup;
			children = (
				7CBE53E817AA8C9B00647D68 /* JHYoutubeSongCell.xib */,
				7C6465EC17A9DF3000A4E2A3 /* JHYoutubeSongCell.h */,
				7C6465ED17A9DF3000A4E2A3 /* JHYoutubeSongCell.m */,
				7C6465F117A9DFA000A4E2A3 /* JHYouTubeSearchViewController.h */,
				7C6465F217A9DFA000A4E2A3 /* JHYouTubeSearchViewController.m */,
				7C6465F317A9DFA000A4E2A3 /* JHYouTubeSearchViewController.xib */,
				7C6465F617A9DFAC00A4E2A3 /* JHPlaylistViewController.h */,
				7C6465F717A9DFAC00A4E2A3 /* JHPlaylistViewController.m */,
				7C6465F817A9DFAC00A4E2A3 /* JHPlaylistViewController.xib */,
				7CBE53DE17AA81A700647D68 /* JHYoutubeSongCellBackgroundView.h */,
				7CBE53DF17AA81A700647D68 /* JHYoutubeSongCellBackgroundView.m */,
				7CBE53E117AA81B000647D68 /* JHYoutubeSongCellBackgroundView.xib */,
				7C800AF417AE776300D6251C /* JHStandardYoutubeViewController.h */,
				7C800AF517AE776300D6251C /* JHStandardYoutubeViewController.m */,
				7C800AF617AE776300D6251C /* JHStandardYoutubeViewController.xib */,
				7C8918E317B3CB6700FCF104 /* JHNoItemsInPlaylistView.h */,
				7C8918E417B3CB6700FCF104 /* JHNoItemsInPlaylistView.m */,
				7C8918E117B3CB1500FCF104 /* JHNoItemsInPlaylistView.xib */,
				7C8918EE17B3D02A00FCF104 /* JHPlaylistHeader.h */,
				7C8918EF17B3D02A00FCF104 /* JHPlaylistHeader.m */,
				7C8918F117B3D03900FCF104 /* JHPlaylistHeader.xib */,
			);
			name = Shared;
			sourceTree = "<group>";
		};
		7C6465E817A9DED200A4E2A3 /* Utils */ = {
			isa = PBXGroup;
			children = (
				7C8918FE17B4638F00FCF104 /* Reachability.h */,
				7C8918FF17B4638F00FCF104 /* Reachability.m */,
				7CBE53EA17AA933000647D68 /* JHFontAwesome.h */,
				7CBE53EB17AA933000647D68 /* JHFontAwesome.m */,
				7CBE53EC17AA933000647D68 /* UIFont+AppFonts.h */,
				7CBE53ED17AA933000647D68 /* UIFont+AppFonts.m */,
				7C6465E917A9DEEB00A4E2A3 /* GeneralUI.h */,
				7C6465EA17A9DEEB00A4E2A3 /* GeneralUI.m */,
				7CBE53D317AA749000647D68 /* UIColor+AppColours.h */,
				7CBE53D417AA749000647D68 /* UIColor+AppColours.m */,
				7CBE53D617AA75E500647D68 /* NSString+UIColor.h */,
				7CBE53D717AA75E500647D68 /* NSString+UIColor.m */,
				7C8918DE17B3C15D00FCF104 /* RemorsefulScrollView.h */,
				7C8918DF17B3C15D00FCF104 /* RemorsefulScrollView.m */,
				7C8918F317B42CAC00FCF104 /* UIAlertView+Blocks.h */,
				7C8918F417B42CAC00FCF104 /* UIAlertView+Blocks.m */,
			);
			name = Utils;
			sourceTree = "<group>";
		};
		7C800AE517AC0B7700D6251C /* Youtube client */ = {
			isa = PBXGroup;
			children = (
				7C800AE717AC2B7E00D6251C /* JHYoutubeClient.h */,
				7C800AE817AC2B7E00D6251C /* JHYoutubeClient.m */,
				7C800AEA17AC335100D6251C /* JHYoutubeSearchResult.h */,
				7C800AEB17AC335100D6251C /* JHYoutubeSearchResult.m */,
			);
			name = "Youtube client";
			sourceTree = "<group>";
		};
		7C800AE617AC0B8C00D6251C /* Rest API Client */ = {
			isa = PBXGroup;
			children = (
				7C800AFF17AE992200D6251C /* JHRestClient.h */,
				7C800B0017AE992200D6251C /* JHRestClient.m */,
				7C800B0217AEA94900D6251C /* JHTubeDjManager.h */,
				7C800B0317AEA94900D6251C /* JHTubeDjManager.m */,
				7C90D69B17B119FE0055D876 /* JHPlaylistItem.h */,
				7C90D69C17B119FE0055D876 /* JHPlaylistItem.m */,
				7C90D69E17B120730055D876 /* JHUserItem.h */,
				7C90D69F17B120730055D876 /* JHUserItem.m */,
			);
			name = "Rest API Client";
			sourceTree = "<group>";
		};
		7C800AEE17AD35F600D6251C /* SORelativeDateTransformer */ = {
			isa = PBXGroup;
			children = (
				7C800AEF17AD362700D6251C /* SORelativeDateTransformer.bundle */,
				7C800AF017AD362700D6251C /* SORelativeDateTransformer.h */,
				7C800AF117AD362700D6251C /* SORelativeDateTransformer.m */,
			);
			name = SORelativeDateTransformer;
			sourceTree = "<group>";
		};
		7C800B1417AFB49500D6251C /* Start Screens */ = {
			isa = PBXGroup;
			children = (
				7C800B0F17AEBA2800D6251C /* JHNewUserViewController.h */,
				7C800B1017AEBA2900D6251C /* JHNewUserViewController.m */,
				7C800B1117AEBA2B00D6251C /* JHNewUserViewController.xib */,
				7C90D68E17AFC22B0055D876 /* JHDiscalimerViewController.h */,
				7C90D68F17AFC22B0055D876 /* JHDiscalimerViewController.m */,
				7C90D69017AFC22B0055D876 /* JHDiscalimerViewController.xib */,
			);
			name = "Start Screens";
			sourceTree = "<group>";
		};
		7C90D6A117B12EA70055D876 /* SocketIO */ = {
			isa = PBXGroup;
			children = (
				7C90D6A217B12EBB0055D876 /* SocketIO.h */,
				7C90D6A317B12EBB0055D876 /* SocketIO.m */,
				7C90D6A417B12EBB0055D876 /* SocketIOJSONSerialization.h */,
				7C90D6A517B12EBB0055D876 /* SocketIOJSONSerialization.m */,
				7C90D6A617B12EBC0055D876 /* SocketIOPacket.h */,
				7C90D6A717B12EBC0055D876 /* SocketIOPacket.m */,
				7C90D6A817B12EBC0055D876 /* SocketIOTransport.h */,
				7C90D6A917B12EBC0055D876 /* SocketIOTransportWebsocket.h */,
				7C90D6AA17B12EBC0055D876 /* SocketIOTransportWebsocket.m */,
				7C90D6AB17B12EBC0055D876 /* SocketIOTransportXHR.h */,
				7C90D6AC17B12EBC0055D876 /* SocketIOTransportXHR.m */,
			);
			name = SocketIO;
			sourceTree = "<group>";
		};
		7CBE53D217AA746900647D68 /* Navigation Bar */ = {
			isa = PBXGroup;
			children = (
			);
			name = "Navigation Bar";
			sourceTree = "<group>";
		};
		7CBE53D917AA7A8800647D68 /* Resources */ = {
			isa = PBXGroup;
			children = (
				7C8918EA17B3CE5900FCF104 /* search-icon.png */,
				7C8918EB17B3CE5900FCF104 /* search-icon@2x.png */,
				7C8918E617B3CCF100FCF104 /* search-background.png */,
				7C8918E717B3CCF100FCF104 /* search-backround@2x.png */,
				7C8918CD17B2723200FCF104 /* play-indicator.png */,
				7C8918CE17B2723200FCF104 /* play-indicator@2x.png */,
				7C90D69717B016DD0055D876 /* hexagon-button-highlighted.png */,
				7C90D69817B016DD0055D876 /* hexagon-button-highlighted@2x.png */,
				7C90D69317B015760055D876 /* hexagon-button.png */,
				7C90D69417B015760055D876 /* hexagon-button@2x.png */,
				7C90D68617AFB7990055D876 /* gradient-bg.png */,
				7C90D68717AFB7990055D876 /* gradient-bg@2x.png */,
				7C90D68817AFB7990055D876 /* red-divider.png */,
				7C90D68917AFB7990055D876 /* red-divider@2x.png */,
				7C800AD217AB108300D6251C /* menu-bg.png */,
				7C800AD317AB108300D6251C /* menu-bg@2x.png */,
				7CBE53F017AA936D00647D68 /* FontAwesome.otf */,
				7CBE53DA17AA7B8E00647D68 /* navbar-background.png */,
				7CBE53DB17AA7B8E00647D68 /* navbar-background@2x.png */,
			);
			name = Resources;
			sourceTree = "<group>";
		};
		7CBE53F217AAEAA600647D68 /* RESideMenu */ = {
			isa = PBXGroup;
			children = (
				7CBE53F317AAEAC000647D68 /* AccelerationAnimation.h */,
				7CBE53F417AAEAC000647D68 /* AccelerationAnimation.m */,
				7CBE53F517AAEAC000647D68 /* Evaluate.h */,
				7CBE53F617AAEAC000647D68 /* Evaluate.m */,
				7CBE53F717AAEAC000647D68 /* REBackgroundView.h */,
				7CBE53F817AAEAC000647D68 /* REBackgroundView.m */,
				7CBE53F917AAEAC000647D68 /* RESideMenu.h */,
				7CBE53FA17AAEAC000647D68 /* RESideMenu.m */,
				7CBE53FB17AAEAC000647D68 /* RESideMenuCell.h */,
				7CBE53FC17AAEAC000647D68 /* RESideMenuCell.m */,
				7CBE53FD17AAEAC000647D68 /* RESideMenuItem.h */,
				7CBE53FE17AAEAC000647D68 /* RESideMenuItem.m */,
				7CBE53FF17AAEAC000647D68 /* UIWindow+RESideMenuExtensions.h */,
				7CBE540017AAEAC000647D68 /* UIWindow+RESideMenuExtensions.m */,
				7C800ADB17AB159C00D6251C /* RESideMenuPrefixCell.h */,
				7C800ADC17AB159C00D6251C /* RESideMenuPrefixCell.m */,
				7C800ADE17ABD00000D6251C /* RESideMenuPrefixCell.xib */,
				7C8918F917B4572400FCF104 /* RESideMenuEditCell.h */,
				7C8918FA17B4572400FCF104 /* RESideMenuEditCell.m */,
				7C8918FC17B4572E00FCF104 /* RESideMenuEditCell.xib */,
			);
			name = RESideMenu;
			sourceTree = "<group>";
		};
		7CBE540A17AAEF4D00647D68 /* QR Code Encoder */ = {
			isa = PBXGroup;
			children = (
				7C800AC917AAF7F300D6251C /* DataMatrix.h */,
				7C800ACA17AAF7F300D6251C /* DataMatrix.mm */,
				7C800ACB17AAF7F300D6251C /* QR_Encode.cpp */,
				7C800ACC17AAF7F300D6251C /* QR_Encode.h */,
				7C800ACD17AAF7F300D6251C /* QREncoder.h */,
				7C800ACE17AAF7F300D6251C /* QREncoder.mm */,
				7CBE540B17AAEF6300647D68 /* JHQRCodeViewController.h */,
				7CBE540C17AAEF6300647D68 /* JHQRCodeViewController.mm */,
				7CBE540D17AAEF6300647D68 /* JHQRCodeViewController.xib */,
			);
			name = "QR Code Encoder";
			sourceTree = "<group>";
		};
/* End PBXGroup section */

/* Begin PBXNativeTarget section */
		7C6465BB17A9DE3C00A4E2A3 /* tubedj */ = {
			isa = PBXNativeTarget;
			buildConfigurationList = 7C6465DF17A9DE3C00A4E2A3 /* Build configuration list for PBXNativeTarget "tubedj" */;
			buildPhases = (
				B0C2C55BAF2840E89F00AF41 /* Check Pods Manifest.lock */,
				7C6465B817A9DE3C00A4E2A3 /* Sources */,
				7C6465B917A9DE3C00A4E2A3 /* Frameworks */,
				7C6465BA17A9DE3C00A4E2A3 /* Resources */,
				385E026681A043978DCA63F7 /* Copy Pods Resources */,
			);
			buildRules = (
			);
			dependencies = (
			);
			name = tubedj;
			productName = tubedj;
			productReference = 7C6465BC17A9DE3C00A4E2A3 /* tubedj.app */;
			productType = "com.apple.product-type.application";
		};
/* End PBXNativeTarget section */

/* Begin PBXProject section */
		7C6465B417A9DE3C00A4E2A3 /* Project object */ = {
			isa = PBXProject;
			attributes = {
				CLASSPREFIX = JH;
				LastUpgradeCheck = 0460;
				ORGANIZATIONNAME = "Jordan Hamill";
			};
			buildConfigurationList = 7C6465B717A9DE3C00A4E2A3 /* Build configuration list for PBXProject "tubedj" */;
			compatibilityVersion = "Xcode 3.2";
			developmentRegion = English;
			hasScannedForEncodings = 0;
			knownRegions = (
				en,
			);
			mainGroup = 7C6465B317A9DE3C00A4E2A3;
			productRefGroup = 7C6465BD17A9DE3C00A4E2A3 /* Products */;
			projectDirPath = "";
			projectRoot = "";
			targets = (
				7C6465BB17A9DE3C00A4E2A3 /* tubedj */,
			);
		};
/* End PBXProject section */

/* Begin PBXResourcesBuildPhase section */
		7C6465BA17A9DE3C00A4E2A3 /* Resources */ = {
			isa = PBXResourcesBuildPhase;
			buildActionMask = 2147483647;
			files = (
				7C6465CA17A9DE3C00A4E2A3 /* InfoPlist.strings in Resources */,
				7C6465D217A9DE3C00A4E2A3 /* Default.png in Resources */,
				7C6465D417A9DE3C00A4E2A3 /* Default@2x.png in Resources */,
				7C6465D617A9DE3C00A4E2A3 /* Default-568h@2x.png in Resources */,
				7C6465E617A9DE5C00A4E2A3 /* JHClientViewController.xib in Resources */,
				7C6465F517A9DFA000A4E2A3 /* JHYouTubeSearchViewController.xib in Resources */,
				7C6465FA17A9DFAC00A4E2A3 /* JHPlaylistViewController.xib in Resources */,
				7CBE53DC17AA7B8E00647D68 /* navbar-background.png in Resources */,
				7CBE53DD17AA7B8E00647D68 /* navbar-background@2x.png in Resources */,
				7CBE53E217AA81B000647D68 /* JHYoutubeSongCellBackgroundView.xib in Resources */,
				7CBE53E917AA8C9B00647D68 /* JHYoutubeSongCell.xib in Resources */,
				7CBE53F117AA936D00647D68 /* FontAwesome.otf in Resources */,
				7CBE540F17AAEF6300647D68 /* JHQRCodeViewController.xib in Resources */,
				7C800AD417AB108300D6251C /* menu-bg.png in Resources */,
				7C800AD517AB108300D6251C /* menu-bg@2x.png in Resources */,
				7C800ADF17ABD00000D6251C /* RESideMenuPrefixCell.xib in Resources */,
				7C800AF217AD362700D6251C /* SORelativeDateTransformer.bundle in Resources */,
				7C800AF817AE776300D6251C /* JHStandardYoutubeViewController.xib in Resources */,
				7C800B0E17AEBA1B00D6251C /* JHHomeViewController.xib in Resources */,
				7C800B1317AEBA2C00D6251C /* JHNewUserViewController.xib in Resources */,
				7C90D68A17AFB7990055D876 /* gradient-bg.png in Resources */,
				7C90D68B17AFB7990055D876 /* gradient-bg@2x.png in Resources */,
				7C90D68C17AFB7990055D876 /* red-divider.png in Resources */,
				7C90D68D17AFB7990055D876 /* red-divider@2x.png in Resources */,
				7C90D69217AFC22B0055D876 /* JHDiscalimerViewController.xib in Resources */,
				7C90D69517B015760055D876 /* hexagon-button.png in Resources */,
				7C90D69617B015760055D876 /* hexagon-button@2x.png in Resources */,
				7C90D69917B016DD0055D876 /* hexagon-button-highlighted.png in Resources */,
				7C90D69A17B016DD0055D876 /* hexagon-button-highlighted@2x.png in Resources */,
				7C8918CF17B2723200FCF104 /* play-indicator.png in Resources */,
				7C8918D017B2723200FCF104 /* play-indicator@2x.png in Resources */,
				7C8918D817B29D6000FCF104 /* JHServerViewController.xib in Resources */,
				7C8918DD17B2A12A00FCF104 /* YT_Player.html in Resources */,
				7C8918E217B3CB1500FCF104 /* JHNoItemsInPlaylistView.xib in Resources */,
				7C8918E817B3CCF100FCF104 /* search-background.png in Resources */,
				7C8918E917B3CCF100FCF104 /* search-backround@2x.png in Resources */,
				7C8918EC17B3CE5900FCF104 /* search-icon.png in Resources */,
				7C8918ED17B3CE5900FCF104 /* search-icon@2x.png in Resources */,
				7C8918F217B3D03900FCF104 /* JHPlaylistHeader.xib in Resources */,
				7C8918FD17B4572E00FCF104 /* RESideMenuEditCell.xib in Resources */,
			);
			runOnlyForDeploymentPostprocessing = 0;
		};
/* End PBXResourcesBuildPhase section */

/* Begin PBXShellScriptBuildPhase section */
		385E026681A043978DCA63F7 /* Copy Pods Resources */ = {
			isa = PBXShellScriptBuildPhase;
			buildActionMask = 2147483647;
			files = (
			);
			inputPaths = (
			);
			name = "Copy Pods Resources";
			outputPaths = (
			);
			runOnlyForDeploymentPostprocessing = 0;
			shellPath = /bin/sh;
			shellScript = "\"${SRCROOT}/Pods/Pods-resources.sh\"\n";
		};
		B0C2C55BAF2840E89F00AF41 /* Check Pods Manifest.lock */ = {
			isa = PBXShellScriptBuildPhase;
			buildActionMask = 2147483647;
			files = (
			);
			inputPaths = (
			);
			name = "Check Pods Manifest.lock";
			outputPaths = (
			);
			runOnlyForDeploymentPostprocessing = 0;
			shellPath = /bin/sh;
			shellScript = "diff \"${PODS_ROOT}/../Podfile.lock\" \"${PODS_ROOT}/Manifest.lock\" > /dev/null\nif [[ $? != 0 ]] ; then\n    cat << EOM\nerror: The sandbox is not in sync with the Podfile.lock. Run 'pod install' or update your CocoaPods installation.\nEOM\n    exit 1\nfi\n";
		};
/* End PBXShellScriptBuildPhase section */

/* Begin PBXSourcesBuildPhase section */
		7C6465B817A9DE3C00A4E2A3 /* Sources */ = {
			isa = PBXSourcesBuildPhase;
			buildActionMask = 2147483647;
			files = (
				7C6465CC17A9DE3C00A4E2A3 /* main.m in Sources */,
				7C6465D017A9DE3C00A4E2A3 /* JHAppDelegate.m in Sources */,
				7C6465E517A9DE5C00A4E2A3 /* JHClientViewController.m in Sources */,
				7C6465EB17A9DEEB00A4E2A3 /* GeneralUI.m in Sources */,
				7C6465EE17A9DF3000A4E2A3 /* JHYoutubeSongCell.m in Sources */,
				7C6465F417A9DFA000A4E2A3 /* JHYouTubeSearchViewController.m in Sources */,
				7C6465F917A9DFAC00A4E2A3 /* JHPlaylistViewController.m in Sources */,
				7CBE53D517AA749000647D68 /* UIColor+AppColours.m in Sources */,
				7CBE53D817AA75E500647D68 /* NSString+UIColor.m in Sources */,
				7CBE53E017AA81A800647D68 /* JHYoutubeSongCellBackgroundView.m in Sources */,
				7CBE53EE17AA933000647D68 /* JHFontAwesome.m in Sources */,
				7CBE53EF17AA933000647D68 /* UIFont+AppFonts.m in Sources */,
				7CBE540117AAEAC000647D68 /* AccelerationAnimation.m in Sources */,
				7CBE540217AAEAC000647D68 /* Evaluate.m in Sources */,
				7CBE540317AAEAC000647D68 /* REBackgroundView.m in Sources */,
				7CBE540417AAEAC000647D68 /* RESideMenu.m in Sources */,
				7CBE540517AAEAC000647D68 /* RESideMenuCell.m in Sources */,
				7CBE540617AAEAC000647D68 /* RESideMenuItem.m in Sources */,
				7CBE540717AAEAC000647D68 /* UIWindow+RESideMenuExtensions.m in Sources */,
				7CBE540E17AAEF6300647D68 /* JHQRCodeViewController.mm in Sources */,
				7C800ACF17AAF7F300D6251C /* DataMatrix.mm in Sources */,
				7C800AD017AAF7F300D6251C /* QR_Encode.cpp in Sources */,
				7C800AD117AAF7F300D6251C /* QREncoder.mm in Sources */,
				7C800ADD17AB159C00D6251C /* RESideMenuPrefixCell.m in Sources */,
				7C800AE917AC2B7E00D6251C /* JHYoutubeClient.m in Sources */,
				7C800AEC17AC335100D6251C /* JHYoutubeSearchResult.m in Sources */,
				7C800AF317AD362700D6251C /* SORelativeDateTransformer.m in Sources */,
				7C800AF717AE776300D6251C /* JHStandardYoutubeViewController.m in Sources */,
				7C800B0117AE992200D6251C /* JHRestClient.m in Sources */,
				7C800B0417AEA94900D6251C /* JHTubeDjManager.m in Sources */,
				7C800B0D17AEBA1B00D6251C /* JHHomeViewController.m in Sources */,
				7C800B1217AEBA2C00D6251C /* JHNewUserViewController.m in Sources */,
				7C90D69117AFC22B0055D876 /* JHDiscalimerViewController.m in Sources */,
				7C90D69D17B119FE0055D876 /* JHPlaylistItem.m in Sources */,
				7C90D6A017B120740055D876 /* JHUserItem.m in Sources */,
				7C90D6AD17B12EBC0055D876 /* SocketIO.m in Sources */,
				7C90D6AE17B12EBC0055D876 /* SocketIOJSONSerialization.m in Sources */,
				7C90D6AF17B12EBC0055D876 /* SocketIOPacket.m in Sources */,
				7C90D6B017B12EBC0055D876 /* SocketIOTransportWebsocket.m in Sources */,
				7C90D6B117B12EBC0055D876 /* SocketIOTransportXHR.m in Sources */,
				7C8918D717B29D6000FCF104 /* JHServerViewController.m in Sources */,
				7C8918DB17B29FC300FCF104 /* JHYoutubePlayer.m in Sources */,
				7C8918E017B3C15D00FCF104 /* RemorsefulScrollView.m in Sources */,
				7C8918E517B3CB6700FCF104 /* JHNoItemsInPlaylistView.m in Sources */,
				7C8918F017B3D02A00FCF104 /* JHPlaylistHeader.m in Sources */,
				7C8918F517B42CAC00FCF104 /* UIAlertView+Blocks.m in Sources */,
				7C8918FB17B4572400FCF104 /* RESideMenuEditCell.m in Sources */,
				7C89190017B4638F00FCF104 /* Reachability.m in Sources */,
			);
			runOnlyForDeploymentPostprocessing = 0;
		};
/* End PBXSourcesBuildPhase section */

/* Begin PBXVariantGroup section */
		7C6465C817A9DE3C00A4E2A3 /* InfoPlist.strings */ = {
			isa = PBXVariantGroup;
			children = (
				7C6465C917A9DE3C00A4E2A3 /* en */,
			);
			name = InfoPlist.strings;
			sourceTree = "<group>";
		};
/* End PBXVariantGroup section */

/* Begin XCBuildConfiguration section */
		7C6465DD17A9DE3C00A4E2A3 /* Debug */ = {
			isa = XCBuildConfiguration;
			buildSettings = {
				ALWAYS_SEARCH_USER_PATHS = NO;
				CLANG_CXX_LANGUAGE_STANDARD = "gnu++0x";
				CLANG_CXX_LIBRARY = "libc++";
				CLANG_ENABLE_OBJC_ARC = YES;
				CLANG_WARN_CONSTANT_CONVERSION = YES;
				CLANG_WARN_EMPTY_BODY = YES;
				CLANG_WARN_ENUM_CONVERSION = YES;
				CLANG_WARN_INT_CONVERSION = YES;
				CLANG_WARN__DUPLICATE_METHOD_MATCH = YES;
				"CODE_SIGN_IDENTITY[sdk=iphoneos*]" = "iPhone Developer";
				COPY_PHASE_STRIP = NO;
				GCC_C_LANGUAGE_STANDARD = gnu99;
				GCC_DYNAMIC_NO_PIC = NO;
				GCC_OPTIMIZATION_LEVEL = 0;
				GCC_PREPROCESSOR_DEFINITIONS = (
					"DEBUG=1",
					"$(inherited)",
				);
				GCC_SYMBOLS_PRIVATE_EXTERN = NO;
				GCC_WARN_ABOUT_RETURN_TYPE = YES;
				GCC_WARN_UNINITIALIZED_AUTOS = YES;
				GCC_WARN_UNUSED_VARIABLE = YES;
				IPHONEOS_DEPLOYMENT_TARGET = 6.1;
				ONLY_ACTIVE_ARCH = YES;
				SDKROOT = iphoneos;
			};
			name = Debug;
		};
		7C6465DE17A9DE3C00A4E2A3 /* Release */ = {
			isa = XCBuildConfiguration;
			buildSettings = {
				ALWAYS_SEARCH_USER_PATHS = NO;
				CLANG_CXX_LANGUAGE_STANDARD = "gnu++0x";
				CLANG_CXX_LIBRARY = "libc++";
				CLANG_ENABLE_OBJC_ARC = YES;
				CLANG_WARN_CONSTANT_CONVERSION = YES;
				CLANG_WARN_EMPTY_BODY = YES;
				CLANG_WARN_ENUM_CONVERSION = YES;
				CLANG_WARN_INT_CONVERSION = YES;
				CLANG_WARN__DUPLICATE_METHOD_MATCH = YES;
				"CODE_SIGN_IDENTITY[sdk=iphoneos*]" = "iPhone Developer";
				COPY_PHASE_STRIP = YES;
				GCC_C_LANGUAGE_STANDARD = gnu99;
				GCC_WARN_ABOUT_RETURN_TYPE = YES;
				GCC_WARN_UNINITIALIZED_AUTOS = YES;
				GCC_WARN_UNUSED_VARIABLE = YES;
				IPHONEOS_DEPLOYMENT_TARGET = 6.1;
				OTHER_CFLAGS = "-DNS_BLOCK_ASSERTIONS=1";
				SDKROOT = iphoneos;
				VALIDATE_PRODUCT = YES;
			};
			name = Release;
		};
		7C6465E017A9DE3C00A4E2A3 /* Debug */ = {
			isa = XCBuildConfiguration;
			baseConfigurationReference = 079349673FEE4912A476FA9F /* Pods.xcconfig */;
			buildSettings = {
				GCC_PRECOMPILE_PREFIX_HEADER = YES;
				GCC_PREFIX_HEADER = "tubedj/tubedj-Prefix.pch";
				GCC_VERSION = com.apple.compilers.llvm.clang.1_0;
				HEADER_SEARCH_PATHS = (
					"${PODS_HEADERS_SEARCH_PATHS}",
					"Users/jordan-hamill/Work/Projects/Samples/QR-Code-Encoder-for-Objective-C/",
				);
				INFOPLIST_FILE = "tubedj/tubedj-Info.plist";
				PRODUCT_NAME = "$(TARGET_NAME)";
				WRAPPER_EXTENSION = app;
			};
			name = Debug;
		};
		7C6465E117A9DE3C00A4E2A3 /* Release */ = {
			isa = XCBuildConfiguration;
			baseConfigurationReference = 079349673FEE4912A476FA9F /* Pods.xcconfig */;
			buildSettings = {
				GCC_PRECOMPILE_PREFIX_HEADER = YES;
				GCC_PREFIX_HEADER = "tubedj/tubedj-Prefix.pch";
				GCC_VERSION = com.apple.compilers.llvm.clang.1_0;
				HEADER_SEARCH_PATHS = (
					"${PODS_HEADERS_SEARCH_PATHS}",
					"Users/jordan-hamill/Work/Projects/Samples/QR-Code-Encoder-for-Objective-C/",
				);
				INFOPLIST_FILE = "tubedj/tubedj-Info.plist";
				PRODUCT_NAME = "$(TARGET_NAME)";
				WRAPPER_EXTENSION = app;
			};
			name = Release;
		};
/* End XCBuildConfiguration section */

/* Begin XCConfigurationList section */
		7C6465B717A9DE3C00A4E2A3 /* Build configuration list for PBXProject "tubedj" */ = {
			isa = XCConfigurationList;
			buildConfigurations = (
				7C6465DD17A9DE3C00A4E2A3 /* Debug */,
				7C6465DE17A9DE3C00A4E2A3 /* Release */,
			);
			defaultConfigurationIsVisible = 0;
			defaultConfigurationName = Release;
		};
		7C6465DF17A9DE3C00A4E2A3 /* Build configuration list for PBXNativeTarget "tubedj" */ = {
			isa = XCConfigurationList;
			buildConfigurations = (
				7C6465E017A9DE3C00A4E2A3 /* Debug */,
				7C6465E117A9DE3C00A4E2A3 /* Release */,
			);
			defaultConfigurationIsVisible = 0;
			defaultConfigurationName = Release;
		};
/* End XCConfigurationList section */
	};
	rootObject = 7C6465B417A9DE3C00A4E2A3 /* Project object */;
}
